// !$*UTF8*$!
{
	archiveVersion = 1;
	classes = {
	};
	objectVersion = 55;
	objects = {

/* Begin PBXBuildFile section */
		BE40C33F2886B28100DDE120 /* CoreDataProjectApp.swift in Sources */ = {isa = PBXBuildFile; fileRef = BE40C33E2886B28100DDE120 /* CoreDataProjectApp.swift */; };
		BE40C3412886B28100DDE120 /* ContentView.swift in Sources */ = {isa = PBXBuildFile; fileRef = BE40C3402886B28100DDE120 /* ContentView.swift */; };
		BE40C3432886B28300DDE120 /* Assets.xcassets in Resources */ = {isa = PBXBuildFile; fileRef = BE40C3422886B28300DDE120 /* Assets.xcassets */; };
		BE40C3462886B28300DDE120 /* Preview Assets.xcassets in Resources */ = {isa = PBXBuildFile; fileRef = BE40C3452886B28300DDE120 /* Preview Assets.xcassets */; };
		BE40C34E2886B32500DDE120 /* CoreDataProject.xcdatamodeld in Sources */ = {isa = PBXBuildFile; fileRef = BE40C34C2886B32500DDE120 /* CoreDataProject.xcdatamodeld */; };
		BE40C3502886B35D00DDE120 /* DataController.swift in Sources */ = {isa = PBXBuildFile; fileRef = BE40C34F2886B35D00DDE120 /* DataController.swift */; };
		BE40C3552886B72800DDE120 /* Country+CoreDataClass.swift in Sources */ = {isa = PBXBuildFile; fileRef = BE40C3512886B72800DDE120 /* Country+CoreDataClass.swift */; };
		BE40C3562886B72800DDE120 /* Country+CoreDataProperties.swift in Sources */ = {isa = PBXBuildFile; fileRef = BE40C3522886B72800DDE120 /* Country+CoreDataProperties.swift */; };
		BE40C3572886B72800DDE120 /* Candy+CoreDataClass.swift in Sources */ = {isa = PBXBuildFile; fileRef = BE40C3532886B72800DDE120 /* Candy+CoreDataClass.swift */; };
		BE40C3582886B72800DDE120 /* Candy+CoreDataProperties.swift in Sources */ = {isa = PBXBuildFile; fileRef = BE40C3542886B72800DDE120 /* Candy+CoreDataProperties.swift */; };
		BE40C35A2886BFEB00DDE120 /* FilteredList.swift in Sources */ = {isa = PBXBuildFile; fileRef = BE40C3592886BFEB00DDE120 /* FilteredList.swift */; };
/* End PBXBuildFile section */

/* Begin PBXFileReference section */
		BE40C33B2886B28100DDE120 /* CoreDataProject.app */ = {isa = PBXFileReference; explicitFileType = wrapper.application; includeInIndex = 0; path = CoreDataProject.app; sourceTree = BUILT_PRODUCTS_DIR; };
		BE40C33E2886B28100DDE120 /* CoreDataProjectApp.swift */ = {isa = PBXFileReference; lastKnownFileType = sourcecode.swift; path = CoreDataProjectApp.swift; sourceTree = "<group>"; };
		BE40C3402886B28100DDE120 /* ContentView.swift */ = {isa = PBXFileReference; lastKnownFileType = sourcecode.swift; path = ContentView.swift; sourceTree = "<group>"; };
		BE40C3422886B28300DDE120 /* Assets.xcassets */ = {isa = PBXFileReference; lastKnownFileType = folder.assetcatalog; path = Assets.xcassets; sourceTree = "<group>"; };
		BE40C3452886B28300DDE120 /* Preview Assets.xcassets */ = {isa = PBXFileReference; lastKnownFileType = folder.assetcatalog; path = "Preview Assets.xcassets"; sourceTree = "<group>"; };
		BE40C34D2886B32500DDE120 /* CoreDataProject.xcdatamodel */ = {isa = PBXFileReference; lastKnownFileType = wrapper.xcdatamodel; path = CoreDataProject.xcdatamodel; sourceTree = "<group>"; };
		BE40C34F2886B35D00DDE120 /* DataController.swift */ = {isa = PBXFileReference; lastKnownFileType = sourcecode.swift; path = DataController.swift; sourceTree = "<group>"; };
		BE40C3512886B72800DDE120 /* Country+CoreDataClass.swift */ = {isa = PBXFileReference; lastKnownFileType = sourcecode.swift; path = "Country+CoreDataClass.swift"; sourceTree = SOURCE_ROOT; };
		BE40C3522886B72800DDE120 /* Country+CoreDataProperties.swift */ = {isa = PBXFileReference; lastKnownFileType = sourcecode.swift; path = "Country+CoreDataProperties.swift"; sourceTree = SOURCE_ROOT; };
		BE40C3532886B72800DDE120 /* Candy+CoreDataClass.swift */ = {isa = PBXFileReference; lastKnownFileType = sourcecode.swift; path = "Candy+CoreDataClass.swift"; sourceTree = SOURCE_ROOT; };
		BE40C3542886B72800DDE120 /* Candy+CoreDataProperties.swift */ = {isa = PBXFileReference; lastKnownFileType = sourcecode.swift; path = "Candy+CoreDataProperties.swift"; sourceTree = SOURCE_ROOT; };
		BE40C3592886BFEB00DDE120 /* FilteredList.swift */ = {isa = PBXFileReference; lastKnownFileType = sourcecode.swift; path = FilteredList.swift; sourceTree = "<group>"; };
/* End PBXFileReference section */

/* Begin PBXFrameworksBuildPhase section */
		BE40C3382886B28100DDE120 /* Frameworks */ = {
			isa = PBXFrameworksBuildPhase;
			buildActionMask = 2147483647;
			files = (
			);
			runOnlyForDeploymentPostprocessing = 0;
		};
/* End PBXFrameworksBuildPhase section */

/* Begin PBXGroup section */
		BE40C3322886B28100DDE120 = {
			isa = PBXGroup;
			children = (
				BE40C33D2886B28100DDE120 /* CoreDataProject */,
				BE40C33C2886B28100DDE120 /* Products */,
			);
			sourceTree = "<group>";
		};
		BE40C33C2886B28100DDE120 /* Products */ = {
			isa = PBXGroup;
			children = (
				BE40C33B2886B28100DDE120 /* CoreDataProject.app */,
			);
			name = Products;
			sourceTree = "<group>";
		};
		BE40C33D2886B28100DDE120 /* CoreDataProject */ = {
			isa = PBXGroup;
			children = (
				BE40C3512886B72800DDE120 /* Country+CoreDataClass.swift */,
				BE40C3522886B72800DDE120 /* Country+CoreDataProperties.swift */,
				BE40C3532886B72800DDE120 /* Candy+CoreDataClass.swift */,
				BE40C3542886B72800DDE120 /* Candy+CoreDataProperties.swift */,
				BE40C33E2886B28100DDE120 /* CoreDataProjectApp.swift */,
				BE40C3402886B28100DDE120 /* ContentView.swift */,
				BE40C3592886BFEB00DDE120 /* FilteredList.swift */,
				BE40C34F2886B35D00DDE120 /* DataController.swift */,
				BE40C34C2886B32500DDE120 /* CoreDataProject.xcdatamodeld */,
				BE40C3422886B28300DDE120 /* Assets.xcassets */,
				BE40C3442886B28300DDE120 /* Preview Content */,
			);
			path = CoreDataProject;
			sourceTree = "<group>";
		};
		BE40C3442886B28300DDE120 /* Preview Content */ = {
			isa = PBXGroup;
			children = (
				BE40C3452886B28300DDE120 /* Preview Assets.xcassets */,
			);
			path = "Preview Content";
			sourceTree = "<group>";
		};
/* End PBXGroup section */

/* Begin PBXNativeTarget section */
		BE40C33A2886B28100DDE120 /* CoreDataProject */ = {
			isa = PBXNativeTarget;
			buildConfigurationList = BE40C3492886B28300DDE120 /* Build configuration list for PBXNativeTarget "CoreDataProject" */;
			buildPhases = (
				BE40C3372886B28100DDE120 /* Sources */,
				BE40C3382886B28100DDE120 /* Frameworks */,
				BE40C3392886B28100DDE120 /* Resources */,
			);
			buildRules = (
			);
			dependencies = (
			);
			name = CoreDataProject;
			productName = CoreDataProject;
			productReference = BE40C33B2886B28100DDE120 /* CoreDataProject.app */;
			productType = "com.apple.product-type.application";
		};
/* End PBXNativeTarget section */

/* Begin PBXProject section */
		BE40C3332886B28100DDE120 /* Project object */ = {
			isa = PBXProject;
			attributes = {
				BuildIndependentTargetsInParallel = 1;
				LastSwiftUpdateCheck = 1340;
				LastUpgradeCheck = 1340;
				TargetAttributes = {
					BE40C33A2886B28100DDE120 = {
						CreatedOnToolsVersion = 13.4.1;
					};
				};
			};
			buildConfigurationList = BE40C3362886B28100DDE120 /* Build configuration list for PBXProject "CoreDataProject" */;
			compatibilityVersion = "Xcode 13.0";
			developmentRegion = en;
			hasScannedForEncodings = 0;
			knownRegions = (
				en,
				Base,
			);
			mainGroup = BE40C3322886B28100DDE120;
			productRefGroup = BE40C33C2886B28100DDE120 /* Products */;
			projectDirPath = "";
			projectRoot = "";
			targets = (
				BE40C33A2886B28100DDE120 /* CoreDataProject */,
			);
		};
/* End PBXProject section */

/* Begin PBXResourcesBuildPhase section */
		BE40C3392886B28100DDE120 /* Resources */ = {
			isa = PBXResourcesBuildPhase;
			buildActionMask = 2147483647;
			files = (
				BE40C3462886B28300DDE120 /* Preview Assets.xcassets in Resources */,
				BE40C3432886B28300DDE120 /* Assets.xcassets in Resources */,
			);
			runOnlyForDeploymentPostprocessing = 0;
		};
/* End PBXResourcesBuildPhase section */

/* Begin PBXSourcesBuildPhase section */
		BE40C3372886B28100DDE120 /* Sources */ = {
			isa = PBXSourcesBuildPhase;
			buildActionMask = 2147483647;
			files = (
				BE40C3412886B28100DDE120 /* ContentView.swift in Sources */,
				BE40C3502886B35D00DDE120 /* DataController.swift in Sources */,
				BE40C35A2886BFEB00DDE120 /* FilteredList.swift in Sources */,
				BE40C3562886B72800DDE120 /* Country+CoreDataProperties.swift in Sources */,
				BE40C3582886B72800DDE120 /* Candy+CoreDataProperties.swift in Sources */,
				BE40C33F2886B28100DDE120 /* CoreDataProjectApp.swift in Sources */,
				BE40C3552886B72800DDE120 /* Country+CoreDataClass.swift in Sources */,
				BE40C34E2886B32500DDE120 /* CoreDataProject.xcdatamodeld in Sources */,
				BE40C3572886B72800DDE120 /* Candy+CoreDataClass.swift in Sources */,
			);
			runOnlyForDeploymentPostprocessing = 0;
		};
/* End PBXSourcesBuildPhase section */

/* Begin XCBuildConfiguration section */
		BE40C3472886B28300DDE120 /* Debug */ = {
			isa = XCBuildConfiguration;
			buildSettings = {
				ALWAYS_SEARCH_USER_PATHS = NO;
				CLANG_ANALYZER_NONNULL = YES;
				CLANG_ANALYZER_NUMBER_OBJECT_CONVERSION = YES_AGGRESSIVE;
				CLANG_CXX_LANGUAGE_STANDARD = "gnu++17";
				CLANG_ENABLE_MODULES = YES;
				CLANG_ENABLE_OBJC_ARC = YES;
				CLANG_ENABLE_OBJC_WEAK = YES;
				CLANG_WARN_BLOCK_CAPTURE_AUTORELEASING = YES;
				CLANG_WARN_BOOL_CONVERSION = YES;
				CLANG_WARN_COMMA = YES;
				CLANG_WARN_CONSTANT_CONVERSION = YES;
				CLANG_WARN_DEPRECATED_OBJC_IMPLEMENTATIONS = YES;
				CLANG_WARN_DIRECT_OBJC_ISA_USAGE = YES_ERROR;
				CLANG_WARN_DOCUMENTATION_COMMENTS = YES;
				CLANG_WARN_EMPTY_BODY = YES;
				CLANG_WARN_ENUM_CONVERSION = YES;
				CLANG_WARN_INFINITE_RECURSION = YES;
				CLANG_WARN_INT_CONVERSION = YES;
				CLANG_WARN_NON_LITERAL_NULL_CONVERSION = YES;
				CLANG_WARN_OBJC_IMPLICIT_RETAIN_SELF = YES;
				CLANG_WARN_OBJC_LITERAL_CONVERSION = YES;
				CLANG_WARN_OBJC_ROOT_CLASS = YES_ERROR;
				CLANG_WARN_QUOTED_INCLUDE_IN_FRAMEWORK_HEADER = YES;
				CLANG_WARN_RANGE_LOOP_ANALYSIS = YES;
				CLANG_WARN_STRICT_PROTOTYPES = YES;
				CLANG_WARN_SUSPICIOUS_MOVE = YES;
				CLANG_WARN_UNGUARDED_AVAILABILITY = YES_AGGRESSIVE;
				CLANG_WARN_UNREACHABLE_CODE = YES;
				CLANG_WARN__DUPLICATE_METHOD_MATCH = YES;
				COPY_PHASE_STRIP = NO;
				DEBUG_INFORMATION_FORMAT = dwarf;
				ENABLE_STRICT_OBJC_MSGSEND = YES;
				ENABLE_TESTABILITY = YES;
				GCC_C_LANGUAGE_STANDARD = gnu11;
				GCC_DYNAMIC_NO_PIC = NO;
				GCC_NO_COMMON_BLOCKS = YES;
				GCC_OPTIMIZATION_LEVEL = 0;
				GCC_PREPROCESSOR_DEFINITIONS = (
					"DEBUG=1",
					"$(inherited)",
				);
				GCC_WARN_64_TO_32_BIT_CONVERSION = YES;
				GCC_WARN_ABOUT_RETURN_TYPE = YES_ERROR;
				GCC_WARN_UNDECLARED_SELECTOR = YES;
				GCC_WARN_UNINITIALIZED_AUTOS = YES_AGGRESSIVE;
				GCC_WARN_UNUSED_FUNCTION = YES;
				GCC_WARN_UNUSED_VARIABLE = YES;
				IPHONEOS_DEPLOYMENT_TARGET = 15.5;
				MTL_ENABLE_DEBUG_INFO = INCLUDE_SOURCE;
				MTL_FAST_MATH = YES;
				ONLY_ACTIVE_ARCH = YES;
				SDKROOT = iphoneos;
				SWIFT_ACTIVE_COMPILATION_CONDITIONS = DEBUG;
				SWIFT_OPTIMIZATION_LEVEL = "-Onone";
			};
			name = Debug;
		};
		BE40C3482886B28300DDE120 /* Release */ = {
			isa = XCBuildConfiguration;
			buildSettings = {
				ALWAYS_SEARCH_USER_PATHS = NO;
				CLANG_ANALYZER_NONNULL = YES;
				CLANG_ANALYZER_NUMBER_OBJECT_CONVERSION = YES_AGGRESSIVE;
				CLANG_CXX_LANGUAGE_STANDARD = "gnu++17";
				CLANG_ENABLE_MODULES = YES;
				CLANG_ENABLE_OBJC_ARC = YES;
				CLANG_ENABLE_OBJC_WEAK = YES;
				CLANG_WARN_BLOCK_CAPTURE_AUTORELEASING = YES;
				CLANG_WARN_BOOL_CONVERSION = YES;
				CLANG_WARN_COMMA = YES;
				CLANG_WARN_CONSTANT_CONVERSION = YES;
				CLANG_WARN_DEPRECATED_OBJC_IMPLEMENTATIONS = YES;
				CLANG_WARN_DIRECT_OBJC_ISA_USAGE = YES_ERROR;
				CLANG_WARN_DOCUMENTATION_COMMENTS = YES;
				CLANG_WARN_EMPTY_BODY = YES;
				CLANG_WARN_ENUM_CONVERSION = YES;
				CLANG_WARN_INFINITE_RECURSION = YES;
				CLANG_WARN_INT_CONVERSION = YES;
				CLANG_WARN_NON_LITERAL_NULL_CONVERSION = YES;
				CLANG_WARN_OBJC_IMPLICIT_RETAIN_SELF = YES;
				CLANG_WARN_OBJC_LITERAL_CONVERSION = YES;
				CLANG_WARN_OBJC_ROOT_CLASS = YES_ERROR;
				CLANG_WARN_QUOTED_INCLUDE_IN_FRAMEWORK_HEADER = YES;
				CLANG_WARN_RANGE_LOOP_ANALYSIS = YES;
				CLANG_WARN_STRICT_PROTOTYPES = YES;
				CLANG_WARN_SUSPICIOUS_MOVE = YES;
				CLANG_WARN_UNGUARDED_AVAILABILITY = YES_AGGRESSIVE;
				CLANG_WARN_UNREACHABLE_CODE = YES;
				CLANG_WARN__DUPLICATE_METHOD_MATCH = YES;
				COPY_PHASE_STRIP = NO;
				DEBUG_INFORMATION_FORMAT = "dwarf-with-dsym";
				ENABLE_NS_ASSERTIONS = NO;
				ENABLE_STRICT_OBJC_MSGSEND = YES;
				GCC_C_LANGUAGE_STANDARD = gnu11;
				GCC_NO_COMMON_BLOCKS = YES;
				GCC_WARN_64_TO_32_BIT_CONVERSION = YES;
				GCC_WARN_ABOUT_RETURN_TYPE = YES_ERROR;
				GCC_WARN_UNDECLARED_SELECTOR = YES;
				GCC_WARN_UNINITIALIZED_AUTOS = YES_AGGRESSIVE;
				GCC_WARN_UNUSED_FUNCTION = YES;
				GCC_WARN_UNUSED_VARIABLE = YES;
				IPHONEOS_DEPLOYMENT_TARGET = 15.5;
				MTL_ENABLE_DEBUG_INFO = NO;
				MTL_FAST_MATH = YES;
				SDKROOT = iphoneos;
				SWIFT_COMPILATION_MODE = wholemodule;
				SWIFT_OPTIMIZATION_LEVEL = "-O";
				VALIDATE_PRODUCT = YES;
			};
			name = Release;
		};
		BE40C34A2886B28300DDE120 /* Debug */ = {
			isa = XCBuildConfiguration;
			buildSettings = {
				ASSETCATALOG_COMPILER_APPICON_NAME = AppIcon;
				ASSETCATALOG_COMPILER_GLOBAL_ACCENT_COLOR_NAME = AccentColor;
				CODE_SIGN_STYLE = Automatic;
				CURRENT_PROJECT_VERSION = 1;
				DEVELOPMENT_ASSET_PATHS = "\"CoreDataProject/Preview Content\"";
				ENABLE_PREVIEWS = YES;
				GENERATE_INFOPLIST_FILE = YES;
				INFOPLIST_KEY_UIApplicationSceneManifest_Generation = YES;
				INFOPLIST_KEY_UIApplicationSupportsIndirectInputEvents = YES;
				INFOPLIST_KEY_UILaunchScreen_Generation = YES;
				INFOPLIST_KEY_UISupportedInterfaceOrientations_iPad = "UIInterfaceOrientationPortrait UIInterfaceOrientationPortraitUpsideDown UIInterfaceOrientationLandscapeLeft UIInterfaceOrientationLandscapeRight";
				INFOPLIST_KEY_UISupportedInterfaceOrientations_iPhone = "UIInterfaceOrientationPortrait UIInterfaceOrientationLandscapeLeft UIInterfaceOrientationLandscapeRight";
				LD_RUNPATH_SEARCH_PATHS = (
					"$(inherited)",
					"@executable_path/Frameworks",
				);
				MARKETING_VERSION = 1.0;
				PRODUCT_BUNDLE_IDENTIFIER = com.gurney.scott.CoreDataProject;
				PRODUCT_NAME = "$(TARGET_NAME)";
				SWIFT_EMIT_LOC_STRINGS = YES;
				SWIFT_VERSION = 5.0;
				TARGETED_DEVICE_FAMILY = "1,2";
			};
			name = Debug;
		};
		BE40C34B2886B28300DDE120 /* Release */ = {
			isa = XCBuildConfiguration;
			buildSettings = {
				ASSETCATALOG_COMPILER_APPICON_NAME = AppIcon;
				ASSETCATALOG_COMPILER_GLOBAL_ACCENT_COLOR_NAME = AccentColor;
				CODE_SIGN_STYLE = Automatic;
				CURRENT_PROJECT_VERSION = 1;
				DEVELOPMENT_ASSET_PATHS = "\"CoreDataProject/Preview Content\"";
				ENABLE_PREVIEWS = YES;
				GENERATE_INFOPLIST_FILE = YES;
				INFOPLIST_KEY_UIApplicationSceneManifest_Generation = YES;
				INFOPLIST_KEY_UIApplicationSupportsIndirectInputEvents = YES;
				INFOPLIST_KEY_UILaunchScreen_Generation = YES;
				INFOPLIST_KEY_UISupportedInterfaceOrientations_iPad = "UIInterfaceOrientationPortrait UIInterfaceOrientationPortraitUpsideDown UIInterfaceOrientationLandscapeLeft UIInterfaceOrientationLandscapeRight";
				INFOPLIST_KEY_UISupportedInterfaceOrientations_iPhone = "UIInterfaceOrientationPortrait UIInterfaceOrientationLandscapeLeft UIInterfaceOrientationLandscapeRight";
				LD_RUNPATH_SEARCH_PATHS = (
					"$(inherited)",
					"@executable_path/Frameworks",
				);
				MARKETING_VERSION = 1.0;
				PRODUCT_BUNDLE_IDENTIFIER = com.gurney.scott.CoreDataProject;
				PRODUCT_NAME = "$(TARGET_NAME)";
				SWIFT_EMIT_LOC_STRINGS = YES;
				SWIFT_VERSION = 5.0;
				TARGETED_DEVICE_FAMILY = "1,2";
			};
			name = Release;
		};
/* End XCBuildConfiguration section */

/* Begin XCConfigurationList section */
		BE40C3362886B28100DDE120 /* Build configuration list for PBXProject "CoreDataProject" */ = {
			isa = XCConfigurationList;
			buildConfigurations = (
				BE40C3472886B28300DDE120 /* Debug */,
				BE40C3482886B28300DDE120 /* Release */,
			);
			defaultConfigurationIsVisible = 0;
			defaultConfigurationName = Release;
		};
		BE40C3492886B28300DDE120 /* Build configuration list for PBXNativeTarget "CoreDataProject" */ = {
			isa = XCConfigurationList;
			buildConfigurations = (
				BE40C34A2886B28300DDE120 /* Debug */,
				BE40C34B2886B28300DDE120 /* Release */,
			);
			defaultConfigurationIsVisible = 0;
			defaultConfigurationName = Release;
		};
/* End XCConfigurationList section */

/* Begin XCVersionGroup section */
		BE40C34C2886B32500DDE120 /* CoreDataProject.xcdatamodeld */ = {
			isa = XCVersionGroup;
			children = (
				BE40C34D2886B32500DDE120 /* CoreDataProject.xcdatamodel */,
			);
			currentVersion = BE40C34D2886B32500DDE120 /* CoreDataProject.xcdatamodel */;
			path = CoreDataProject.xcdatamodeld;
			sourceTree = "<group>";
			versionGroupType = wrapper.xcdatamodel;
		};
/* End XCVersionGroup section */
	};
	rootObject = BE40C3332886B28100DDE120 /* Project object */;
}
